
Microsoft Visual Studio Solution File, Format Version 12.00
# Visual Studio Version 17
VisualStudioVersion = 17.10.35122.118
MinimumVisualStudioVersion = 10.0.40219.1
Project("{FAE04EC0-301F-11D3-BF4B-00C04F79EFBC}") = "DemoBlaze.e2e", "DemoBlaze.e2e.csproj", "{1BB1289A-DDF5-4EAD-AFE9-CC406CFE1BF2}"
EndProject
Global
	GlobalSection(SolutionConfigurationPlatforms) = preSolution
		Debug|Any CPU = Debug|Any CPU
		Release|Any CPU = Release|Any CPU
	EndGlobalSection
	GlobalSection(ProjectConfigurationPlatforms) = postSolution
		{1BB1289A-DDF5-4EAD-AFE9-CC406CFE1BF2}.Debug|Any CPU.ActiveCfg = Debug|Any CPU
		{1BB1289A-DDF5-4EAD-AFE9-CC406CFE1BF2}.Debug|Any CPU.Build.0 = Debug|Any CPU
		{1BB1289A-DDF5-4EAD-AFE9-CC406CFE1BF2}.Release|Any CPU.ActiveCfg = Release|Any CPU
		{1BB1289A-DDF5-4EAD-AFE9-CC406CFE1BF2}.Release|Any CPU.Build.0 = Release|Any CPU
	EndGlobalSection
	GlobalSection(SolutionProperties) = preSolution
		HideSolutionNode = FALSE
	EndGlobalSection
	GlobalSection(ExtensibilityGlobals) = postSolution
		SolutionGuid = {2F2B3D86-867B-4FDB-B264-3C113A7FA22F}
	EndGlobalSection
EndGlobal
